
Microsoft Visual Studio Solution File, Format Version 12.00
# Visual Studio Version 17
VisualStudioVersion = 17.4.33103.184
MinimumVisualStudioVersion = 10.0.40219.1
Project("{FAE04EC0-301F-11D3-BF4B-00C04F79EFBC}") = "DotNetCore70Web", "DotNetCore70Web.csproj", "{347C11A8-C54C-40D8-9A93-64CD196A121A}"
EndProject
Global
	GlobalSection(SolutionConfigurationPlatforms) = preSolution
		Debug|Any CPU = Debug|Any CPU
		Release|Any CPU = Release|Any CPU
	EndGlobalSection
	GlobalSection(ProjectConfigurationPlatforms) = postSolution
		{347C11A8-C54C-40D8-9A93-64CD196A121A}.Debug|Any CPU.ActiveCfg = Debug|Any CPU
		{347C11A8-C54C-40D8-9A93-64CD196A121A}.Debug|Any CPU.Build.0 = Debug|Any CPU
		{347C11A8-C54C-40D8-9A93-64CD196A121A}.Release|Any CPU.ActiveCfg = Release|Any CPU
		{347C11A8-C54C-40D8-9A93-64CD196A121A}.Release|Any CPU.Build.0 = Release|Any CPU
	EndGlobalSection
	GlobalSection(SolutionProperties) = preSolution
		HideSolutionNode = FALSE
	EndGlobalSection
	GlobalSection(ExtensibilityGlobals) = postSolution
		SolutionGuid = {DAE8C5C8-B850-47D9-855D-DC9F72F3F5E1}
	EndGlobalSection
EndGlobal
